// !$*UTF8*$!
{
	archiveVersion = 1;
	classes = {
	};
	objectVersion = 50;
	objects = {

/* Begin PBXBuildFile section */
		7826856524D7CDBF0079E02F /* MovieListView.swift in Sources */ = {isa = PBXBuildFile; fileRef = 7826856424D7CDBF0079E02F /* MovieListView.swift */; };
		7826856724D7CE3A0079E02F /* DetailView.swift in Sources */ = {isa = PBXBuildFile; fileRef = 7826856624D7CE3A0079E02F /* DetailView.swift */; };
		78D8341724D5988700D9143C /* AppDelegate.swift in Sources */ = {isa = PBXBuildFile; fileRef = 78D8341624D5988700D9143C /* AppDelegate.swift */; };
		78D8341924D5988700D9143C /* SceneDelegate.swift in Sources */ = {isa = PBXBuildFile; fileRef = 78D8341824D5988700D9143C /* SceneDelegate.swift */; };
		78D8341B24D5988700D9143C /* ContentView.swift in Sources */ = {isa = PBXBuildFile; fileRef = 78D8341A24D5988700D9143C /* ContentView.swift */; };
		78D8341D24D5988B00D9143C /* Assets.xcassets in Resources */ = {isa = PBXBuildFile; fileRef = 78D8341C24D5988B00D9143C /* Assets.xcassets */; };
		78D8342024D5988B00D9143C /* Preview Assets.xcassets in Resources */ = {isa = PBXBuildFile; fileRef = 78D8341F24D5988B00D9143C /* Preview Assets.xcassets */; };
		78D8342324D5988B00D9143C /* LaunchScreen.storyboard in Resources */ = {isa = PBXBuildFile; fileRef = 78D8342124D5988B00D9143C /* LaunchScreen.storyboard */; };
		78D8342B24D5991900D9143C /* PageViews.swift in Sources */ = {isa = PBXBuildFile; fileRef = 78D8342A24D5991900D9143C /* PageViews.swift */; };
		78D8342D24D5A38A00D9143C /* OnboardingView.swift in Sources */ = {isa = PBXBuildFile; fileRef = 78D8342C24D5A38A00D9143C /* OnboardingView.swift */; };
		78D8342F24D5A52D00D9143C /* PageViewController.swift in Sources */ = {isa = PBXBuildFile; fileRef = 78D8342E24D5A52D00D9143C /* PageViewController.swift */; };
/* End PBXBuildFile section */

/* Begin PBXFileReference section */
		7826856424D7CDBF0079E02F /* MovieListView.swift */ = {isa = PBXFileReference; lastKnownFileType = sourcecode.swift; path = MovieListView.swift; sourceTree = "<group>"; };
		7826856624D7CE3A0079E02F /* DetailView.swift */ = {isa = PBXFileReference; lastKnownFileType = sourcecode.swift; path = DetailView.swift; sourceTree = "<group>"; };
		78D8341324D5988700D9143C /* OnboardingSwiftUI.app */ = {isa = PBXFileReference; explicitFileType = wrapper.application; includeInIndex = 0; path = OnboardingSwiftUI.app; sourceTree = BUILT_PRODUCTS_DIR; };
		78D8341624D5988700D9143C /* AppDelegate.swift */ = {isa = PBXFileReference; lastKnownFileType = sourcecode.swift; path = AppDelegate.swift; sourceTree = "<group>"; };
		78D8341824D5988700D9143C /* SceneDelegate.swift */ = {isa = PBXFileReference; lastKnownFileType = sourcecode.swift; path = SceneDelegate.swift; sourceTree = "<group>"; };
		78D8341A24D5988700D9143C /* ContentView.swift */ = {isa = PBXFileReference; lastKnownFileType = sourcecode.swift; path = ContentView.swift; sourceTree = "<group>"; };
		78D8341C24D5988B00D9143C /* Assets.xcassets */ = {isa = PBXFileReference; lastKnownFileType = folder.assetcatalog; path = Assets.xcassets; sourceTree = "<group>"; };
		78D8341F24D5988B00D9143C /* Preview Assets.xcassets */ = {isa = PBXFileReference; lastKnownFileType = folder.assetcatalog; path = "Preview Assets.xcassets"; sourceTree = "<group>"; };
		78D8342224D5988B00D9143C /* Base */ = {isa = PBXFileReference; lastKnownFileType = file.storyboard; name = Base; path = Base.lproj/LaunchScreen.storyboard; sourceTree = "<group>"; };
		78D8342424D5988B00D9143C /* Info.plist */ = {isa = PBXFileReference; lastKnownFileType = text.plist.xml; path = Info.plist; sourceTree = "<group>"; };
		78D8342A24D5991900D9143C /* PageViews.swift */ = {isa = PBXFileReference; lastKnownFileType = sourcecode.swift; path = PageViews.swift; sourceTree = "<group>"; };
		78D8342C24D5A38A00D9143C /* OnboardingView.swift */ = {isa = PBXFileReference; lastKnownFileType = sourcecode.swift; path = OnboardingView.swift; sourceTree = "<group>"; };
		78D8342E24D5A52D00D9143C /* PageViewController.swift */ = {isa = PBXFileReference; lastKnownFileType = sourcecode.swift; path = PageViewController.swift; sourceTree = "<group>"; };
/* End PBXFileReference section */

/* Begin PBXFrameworksBuildPhase section */
		78D8341024D5988700D9143C /* Frameworks */ = {
			isa = PBXFrameworksBuildPhase;
			buildActionMask = 2147483647;
			files = (
			);
			runOnlyForDeploymentPostprocessing = 0;
		};
/* End PBXFrameworksBuildPhase section */

/* Begin PBXGroup section */
		7826856224D7CD7B0079E02F /* OnBoarding */ = {
			isa = PBXGroup;
			children = (
				78D8342A24D5991900D9143C /* PageViews.swift */,
				78D8342C24D5A38A00D9143C /* OnboardingView.swift */,
				78D8342E24D5A52D00D9143C /* PageViewController.swift */,
			);
			path = OnBoarding;
			sourceTree = "<group>";
		};
		7826856324D7CD9D0079E02F /* List */ = {
			isa = PBXGroup;
			children = (
				7826856424D7CDBF0079E02F /* MovieListView.swift */,
				7826856624D7CE3A0079E02F /* DetailView.swift */,
			);
			path = List;
			sourceTree = "<group>";
		};
		78D8340A24D5988600D9143C = {
			isa = PBXGroup;
			children = (
				78D8341524D5988700D9143C /* OnboardingSwiftUI */,
				78D8341424D5988700D9143C /* Products */,
			);
			sourceTree = "<group>";
		};
		78D8341424D5988700D9143C /* Products */ = {
			isa = PBXGroup;
			children = (
				78D8341324D5988700D9143C /* OnboardingSwiftUI.app */,
			);
			name = Products;
			sourceTree = "<group>";
		};
		78D8341524D5988700D9143C /* OnboardingSwiftUI */ = {
			isa = PBXGroup;
			children = (
				7826856324D7CD9D0079E02F /* List */,
				7826856224D7CD7B0079E02F /* OnBoarding */,
				78D8341624D5988700D9143C /* AppDelegate.swift */,
				78D8341824D5988700D9143C /* SceneDelegate.swift */,
				78D8341A24D5988700D9143C /* ContentView.swift */,
				78D8341C24D5988B00D9143C /* Assets.xcassets */,
				78D8342124D5988B00D9143C /* LaunchScreen.storyboard */,
				78D8342424D5988B00D9143C /* Info.plist */,
				78D8341E24D5988B00D9143C /* Preview Content */,
			);
			path = OnboardingSwiftUI;
			sourceTree = "<group>";
		};
		78D8341E24D5988B00D9143C /* Preview Content */ = {
			isa = PBXGroup;
			children = (
				78D8341F24D5988B00D9143C /* Preview Assets.xcassets */,
			);
			path = "Preview Content";
			sourceTree = "<group>";
		};
/* End PBXGroup section */

/* Begin PBXNativeTarget section */
		78D8341224D5988700D9143C /* OnboardingSwiftUI */ = {
			isa = PBXNativeTarget;
			buildConfigurationList = 78D8342724D5988B00D9143C /* Build configuration list for PBXNativeTarget "OnboardingSwiftUI" */;
			buildPhases = (
				78D8340F24D5988700D9143C /* Sources */,
				78D8341024D5988700D9143C /* Frameworks */,
				78D8341124D5988700D9143C /* Resources */,
			);
			buildRules = (
			);
			dependencies = (
			);
			name = OnboardingSwiftUI;
			productName = OnboardingSwiftUI;
			productReference = 78D8341324D5988700D9143C /* OnboardingSwiftUI.app */;
			productType = "com.apple.product-type.application";
		};
/* End PBXNativeTarget section */

/* Begin PBXProject section */
		78D8340B24D5988600D9143C /* Project object */ = {
			isa = PBXProject;
			attributes = {
				LastSwiftUpdateCheck = 1120;
				LastUpgradeCheck = 1120;
				ORGANIZATIONNAME = Hxtreme;
				TargetAttributes = {
					78D8341224D5988700D9143C = {
						CreatedOnToolsVersion = 11.2.1;
					};
				};
			};
			buildConfigurationList = 78D8340E24D5988600D9143C /* Build configuration list for PBXProject "OnboardingSwiftUI" */;
			compatibilityVersion = "Xcode 9.3";
			developmentRegion = en;
			hasScannedForEncodings = 0;
			knownRegions = (
				en,
				Base,
			);
			mainGroup = 78D8340A24D5988600D9143C;
			productRefGroup = 78D8341424D5988700D9143C /* Products */;
			projectDirPath = "";
			projectRoot = "";
			targets = (
				78D8341224D5988700D9143C /* OnboardingSwiftUI */,
			);
		};
/* End PBXProject section */

/* Begin PBXResourcesBuildPhase section */
		78D8341124D5988700D9143C /* Resources */ = {
			isa = PBXResourcesBuildPhase;
			buildActionMask = 2147483647;
			files = (
				78D8342324D5988B00D9143C /* LaunchScreen.storyboard in Resources */,
				78D8342024D5988B00D9143C /* Preview Assets.xcassets in Resources */,
				78D8341D24D5988B00D9143C /* Assets.xcassets in Resources */,
			);
			runOnlyForDeploymentPostprocessing = 0;
		};
/* End PBXResourcesBuildPhase section */

/* Begin PBXSourcesBuildPhase section */
		78D8340F24D5988700D9143C /* Sources */ = {
			isa = PBXSourcesBuildPhase;
			buildActionMask = 2147483647;
			files = (
				78D8341724D5988700D9143C /* AppDelegate.swift in Sources */,
				7826856724D7CE3A0079E02F /* DetailView.swift in Sources */,
				7826856524D7CDBF0079E02F /* MovieListView.swift in Sources */,
				78D8342B24D5991900D9143C /* PageViews.swift in Sources */,
				78D8341924D5988700D9143C /* SceneDelegate.swift in Sources */,
				78D8342F24D5A52D00D9143C /* PageViewController.swift in Sources */,
				78D8342D24D5A38A00D9143C /* OnboardingView.swift in Sources */,
				78D8341B24D5988700D9143C /* ContentView.swift in Sources */,
			);
			runOnlyForDeploymentPostprocessing = 0;
		};
/* End PBXSourcesBuildPhase section */

/* Begin PBXVariantGroup section */
		78D8342124D5988B00D9143C /* LaunchScreen.storyboard */ = {
			isa = PBXVariantGroup;
			children = (
				78D8342224D5988B00D9143C /* Base */,
			);
			name = LaunchScreen.storyboard;
			sourceTree = "<group>";
		};
/* End PBXVariantGroup section */

/* Begin XCBuildConfiguration section */
		78D8342524D5988B00D9143C /* Debug */ = {
			isa = XCBuildConfiguration;
			buildSettings = {
				ALWAYS_SEARCH_USER_PATHS = NO;
				CLANG_ANALYZER_NONNULL = YES;
				CLANG_ANALYZER_NUMBER_OBJECT_CONVERSION = YES_AGGRESSIVE;
				CLANG_CXX_LANGUAGE_STANDARD = "gnu++14";
				CLANG_CXX_LIBRARY = "libc++";
				CLANG_ENABLE_MODULES = YES;
				CLANG_ENABLE_OBJC_ARC = YES;
				CLANG_ENABLE_OBJC_WEAK = YES;
				CLANG_WARN_BLOCK_CAPTURE_AUTORELEASING = YES;
				CLANG_WARN_BOOL_CONVERSION = YES;
				CLANG_WARN_COMMA = YES;
				CLANG_WARN_CONSTANT_CONVERSION = YES;
				CLANG_WARN_DEPRECATED_OBJC_IMPLEMENTATIONS = YES;
				CLANG_WARN_DIRECT_OBJC_ISA_USAGE = YES_ERROR;
				CLANG_WARN_DOCUMENTATION_COMMENTS = YES;
				CLANG_WARN_EMPTY_BODY = YES;
				CLANG_WARN_ENUM_CONVERSION = YES;
				CLANG_WARN_INFINITE_RECURSION = YES;
				CLANG_WARN_INT_CONVERSION = YES;
				CLANG_WARN_NON_LITERAL_NULL_CONVERSION = YES;
				CLANG_WARN_OBJC_IMPLICIT_RETAIN_SELF = YES;
				CLANG_WARN_OBJC_LITERAL_CONVERSION = YES;
				CLANG_WARN_OBJC_ROOT_CLASS = YES_ERROR;
				CLANG_WARN_RANGE_LOOP_ANALYSIS = YES;
				CLANG_WARN_STRICT_PROTOTYPES = YES;
				CLANG_WARN_SUSPICIOUS_MOVE = YES;
				CLANG_WARN_UNGUARDED_AVAILABILITY = YES_AGGRESSIVE;
				CLANG_WARN_UNREACHABLE_CODE = YES;
				CLANG_WARN__DUPLICATE_METHOD_MATCH = YES;
				COPY_PHASE_STRIP = NO;
				DEBUG_INFORMATION_FORMAT = dwarf;
				ENABLE_STRICT_OBJC_MSGSEND = YES;
				ENABLE_TESTABILITY = YES;
				GCC_C_LANGUAGE_STANDARD = gnu11;
				GCC_DYNAMIC_NO_PIC = NO;
				GCC_NO_COMMON_BLOCKS = YES;
				GCC_OPTIMIZATION_LEVEL = 0;
				GCC_PREPROCESSOR_DEFINITIONS = (
					"DEBUG=1",
					"$(inherited)",
				);
				GCC_WARN_64_TO_32_BIT_CONVERSION = YES;
				GCC_WARN_ABOUT_RETURN_TYPE = YES_ERROR;
				GCC_WARN_UNDECLARED_SELECTOR = YES;
				GCC_WARN_UNINITIALIZED_AUTOS = YES_AGGRESSIVE;
				GCC_WARN_UNUSED_FUNCTION = YES;
				GCC_WARN_UNUSED_VARIABLE = YES;
				IPHONEOS_DEPLOYMENT_TARGET = 13.2;
				MTL_ENABLE_DEBUG_INFO = INCLUDE_SOURCE;
				MTL_FAST_MATH = YES;
				ONLY_ACTIVE_ARCH = YES;
				SDKROOT = iphoneos;
				SWIFT_ACTIVE_COMPILATION_CONDITIONS = DEBUG;
				SWIFT_OPTIMIZATION_LEVEL = "-Onone";
			};
			name = Debug;
		};
		78D8342624D5988B00D9143C /* Release */ = {
			isa = XCBuildConfiguration;
			buildSettings = {
				ALWAYS_SEARCH_USER_PATHS = NO;
				CLANG_ANALYZER_NONNULL = YES;
				CLANG_ANALYZER_NUMBER_OBJECT_CONVERSION = YES_AGGRESSIVE;
				CLANG_CXX_LANGUAGE_STANDARD = "gnu++14";
				CLANG_CXX_LIBRARY = "libc++";
				CLANG_ENABLE_MODULES = YES;
				CLANG_ENABLE_OBJC_ARC = YES;
				CLANG_ENABLE_OBJC_WEAK = YES;
				CLANG_WARN_BLOCK_CAPTURE_AUTORELEASING = YES;
				CLANG_WARN_BOOL_CONVERSION = YES;
				CLANG_WARN_COMMA = YES;
				CLANG_WARN_CONSTANT_CONVERSION = YES;
				CLANG_WARN_DEPRECATED_OBJC_IMPLEMENTATIONS = YES;
				CLANG_WARN_DIRECT_OBJC_ISA_USAGE = YES_ERROR;
				CLANG_WARN_DOCUMENTATION_COMMENTS = YES;
				CLANG_WARN_EMPTY_BODY = YES;
				CLANG_WARN_ENUM_CONVERSION = YES;
				CLANG_WARN_INFINITE_RECURSION = YES;
				CLANG_WARN_INT_CONVERSION = YES;
				CLANG_WARN_NON_LITERAL_NULL_CONVERSION = YES;
				CLANG_WARN_OBJC_IMPLICIT_RETAIN_SELF = YES;
				CLANG_WARN_OBJC_LITERAL_CONVERSION = YES;
				CLANG_WARN_OBJC_ROOT_CLASS = YES_ERROR;
				CLANG_WARN_RANGE_LOOP_ANALYSIS = YES;
				CLANG_WARN_STRICT_PROTOTYPES = YES;
				CLANG_WARN_SUSPICIOUS_MOVE = YES;
				CLANG_WARN_UNGUARDED_AVAILABILITY = YES_AGGRESSIVE;
				CLANG_WARN_UNREACHABLE_CODE = YES;
				CLANG_WARN__DUPLICATE_METHOD_MATCH = YES;
				COPY_PHASE_STRIP = NO;
				DEBUG_INFORMATION_FORMAT = "dwarf-with-dsym";
				ENABLE_NS_ASSERTIONS = NO;
				ENABLE_STRICT_OBJC_MSGSEND = YES;
				GCC_C_LANGUAGE_STANDARD = gnu11;
				GCC_NO_COMMON_BLOCKS = YES;
				GCC_WARN_64_TO_32_BIT_CONVERSION = YES;
				GCC_WARN_ABOUT_RETURN_TYPE = YES_ERROR;
				GCC_WARN_UNDECLARED_SELECTOR = YES;
				GCC_WARN_UNINITIALIZED_AUTOS = YES_AGGRESSIVE;
				GCC_WARN_UNUSED_FUNCTION = YES;
				GCC_WARN_UNUSED_VARIABLE = YES;
				IPHONEOS_DEPLOYMENT_TARGET = 13.2;
				MTL_ENABLE_DEBUG_INFO = NO;
				MTL_FAST_MATH = YES;
				SDKROOT = iphoneos;
				SWIFT_COMPILATION_MODE = wholemodule;
				SWIFT_OPTIMIZATION_LEVEL = "-O";
				VALIDATE_PRODUCT = YES;
			};
			name = Release;
		};
		78D8342824D5988B00D9143C /* Debug */ = {
			isa = XCBuildConfiguration;
			buildSettings = {
				ASSETCATALOG_COMPILER_APPICON_NAME = AppIcon;
				CODE_SIGN_STYLE = Automatic;
				DEVELOPMENT_ASSET_PATHS = "\"OnboardingSwiftUI/Preview Content\"";
				ENABLE_PREVIEWS = YES;
				INFOPLIST_FILE = OnboardingSwiftUI/Info.plist;
				LD_RUNPATH_SEARCH_PATHS = (
					"$(inherited)",
					"@executable_path/Frameworks",
				);
				PRODUCT_BUNDLE_IDENTIFIER = com.swiftUI.OnboardingSwiftUI;
				PRODUCT_NAME = "$(TARGET_NAME)";
				SWIFT_VERSION = 5.0;
				TARGETED_DEVICE_FAMILY = "1,2";
			};
			name = Debug;
		};
		78D8342924D5988B00D9143C /* Release */ = {
			isa = XCBuildConfiguration;
			buildSettings = {
				ASSETCATALOG_COMPILER_APPICON_NAME = AppIcon;
				CODE_SIGN_STYLE = Automatic;
				DEVELOPMENT_ASSET_PATHS = "\"OnboardingSwiftUI/Preview Content\"";
				ENABLE_PREVIEWS = YES;
				INFOPLIST_FILE = OnboardingSwiftUI/Info.plist;
				LD_RUNPATH_SEARCH_PATHS = (
					"$(inherited)",
					"@executable_path/Frameworks",
				);
				PRODUCT_BUNDLE_IDENTIFIER = com.swiftUI.OnboardingSwiftUI;
				PRODUCT_NAME = "$(TARGET_NAME)";
				SWIFT_VERSION = 5.0;
				TARGETED_DEVICE_FAMILY = "1,2";
			};
			name = Release;
		};
/* End XCBuildConfiguration section */

/* Begin XCConfigurationList section */
		78D8340E24D5988600D9143C /* Build configuration list for PBXProject "OnboardingSwiftUI" */ = {
			isa = XCConfigurationList;
			buildConfigurations = (
				78D8342524D5988B00D9143C /* Debug */,
				78D8342624D5988B00D9143C /* Release */,
			);
			defaultConfigurationIsVisible = 0;
			defaultConfigurationName = Release;
		};
		78D8342724D5988B00D9143C /* Build configuration list for PBXNativeTarget "OnboardingSwiftUI" */ = {
			isa = XCConfigurationList;
			buildConfigurations = (
				78D8342824D5988B00D9143C /* Debug */,
				78D8342924D5988B00D9143C /* Release */,
			);
			defaultConfigurationIsVisible = 0;
			defaultConfigurationName = Release;
		};
/* End XCConfigurationList section */
	};
	rootObject = 78D8340B24D5988600D9143C /* Project object */;
}
